
Microsoft Visual Studio Solution File, Format Version 12.00
# Visual Studio 15
VisualStudioVersion = 15.0.28307.902
MinimumVisualStudioVersion = 10.0.40219.1
Project("{D2ABAB84-BF74-430A-B69E-9DC6D40DDA17}") = "ProyectoAllCardsCube", "ProyectoAllCardsCube\ProyectoAllCardsCube.dwproj", "{72B64295-9D5E-4A49-B7A1-16A306584E30}"
EndProject
Global
	GlobalSection(SolutionConfigurationPlatforms) = preSolution
		Development|Default = Development|Default
	EndGlobalSection
	GlobalSection(ProjectConfigurationPlatforms) = postSolution
		{72B64295-9D5E-4A49-B7A1-16A306584E30}.Development|Default.ActiveCfg = Development
		{72B64295-9D5E-4A49-B7A1-16A306584E30}.Development|Default.Build.0 = Development
		{72B64295-9D5E-4A49-B7A1-16A306584E30}.Development|Default.Deploy.0 = Development
	EndGlobalSection
	GlobalSection(SolutionProperties) = preSolution
		HideSolutionNode = FALSE
	EndGlobalSection
	GlobalSection(ExtensibilityGlobals) = postSolution
		SolutionGuid = {383ED24E-0FE6-4A1B-AA7A-39E7DD601BB0}
	EndGlobalSection
EndGlobal
